// !$*UTF8*$!
{
	archiveVersion = 1;
	classes = {
	};
	objectVersion = 46;
	objects = {

/* Begin PBXBuildFile section */
		777905BF19F9C32600B37463 /* AppDelegate.swift in Sources */ = {isa = PBXBuildFile; fileRef = 777905BE19F9C32600B37463 /* AppDelegate.swift */; };
		777905C119F9C32600B37463 /* Images.xcassets in Resources */ = {isa = PBXBuildFile; fileRef = 777905C019F9C32600B37463 /* Images.xcassets */; };
		777905C419F9C32600B37463 /* MainMenu.xib in Resources */ = {isa = PBXBuildFile; fileRef = 777905C219F9C32600B37463 /* MainMenu.xib */; };
		777905D019F9C32600B37463 /* SMTPAPI_SwiftTests.swift in Sources */ = {isa = PBXBuildFile; fileRef = 777905CF19F9C32600B37463 /* SMTPAPI_SwiftTests.swift */; };
		777905DA19F9C37600B37463 /* SmtpApi.swift in Sources */ = {isa = PBXBuildFile; fileRef = 777905D919F9C37600B37463 /* SmtpApi.swift */; };
		777905DB19F9D42300B37463 /* SmtpApi.swift in Sources */ = {isa = PBXBuildFile; fileRef = 777905D919F9C37600B37463 /* SmtpApi.swift */; };
/* End PBXBuildFile section */

/* Begin PBXContainerItemProxy section */
		777905CA19F9C32600B37463 /* PBXContainerItemProxy */ = {
			isa = PBXContainerItemProxy;
			containerPortal = 777905B119F9C32600B37463 /* Project object */;
			proxyType = 1;
			remoteGlobalIDString = 777905B819F9C32600B37463;
			remoteInfo = "SMTPAPI-Swift";
		};
/* End PBXContainerItemProxy section */

/* Begin PBXFileReference section */
		777905B919F9C32600B37463 /* SMTPAPI-Swift.app */ = {isa = PBXFileReference; explicitFileType = wrapper.application; includeInIndex = 0; path = "SMTPAPI-Swift.app"; sourceTree = BUILT_PRODUCTS_DIR; };
		777905BD19F9C32600B37463 /* Info.plist */ = {isa = PBXFileReference; lastKnownFileType = text.plist.xml; path = Info.plist; sourceTree = "<group>"; };
		777905BE19F9C32600B37463 /* AppDelegate.swift */ = {isa = PBXFileReference; lastKnownFileType = sourcecode.swift; path = AppDelegate.swift; sourceTree = "<group>"; };
		777905C019F9C32600B37463 /* Images.xcassets */ = {isa = PBXFileReference; lastKnownFileType = folder.assetcatalog; path = Images.xcassets; sourceTree = "<group>"; };
		777905C319F9C32600B37463 /* Base */ = {isa = PBXFileReference; lastKnownFileType = file.xib; name = Base; path = Base.lproj/MainMenu.xib; sourceTree = "<group>"; };
		777905C919F9C32600B37463 /* SMTPAPI-SwiftTests.xctest */ = {isa = PBXFileReference; explicitFileType = wrapper.cfbundle; includeInIndex = 0; path = "SMTPAPI-SwiftTests.xctest"; sourceTree = BUILT_PRODUCTS_DIR; };
		777905CE19F9C32600B37463 /* Info.plist */ = {isa = PBXFileReference; lastKnownFileType = text.plist.xml; path = Info.plist; sourceTree = "<group>"; };
		777905CF19F9C32600B37463 /* SMTPAPI_SwiftTests.swift */ = {isa = PBXFileReference; lastKnownFileType = sourcecode.swift; path = SMTPAPI_SwiftTests.swift; sourceTree = "<group>"; };
		777905D919F9C37600B37463 /* SmtpApi.swift */ = {isa = PBXFileReference; fileEncoding = 4; lastKnownFileType = sourcecode.swift; path = SmtpApi.swift; sourceTree = "<group>"; };
		777905DC19F9D7D900B37463 /* README.md */ = {isa = PBXFileReference; fileEncoding = 4; lastKnownFileType = net.daringfireball.markdown; path = README.md; sourceTree = "<group>"; };
/* End PBXFileReference section */

/* Begin PBXFrameworksBuildPhase section */
		777905B619F9C32600B37463 /* Frameworks */ = {
			isa = PBXFrameworksBuildPhase;
			buildActionMask = 2147483647;
			files = (
			);
			runOnlyForDeploymentPostprocessing = 0;
		};
		777905C619F9C32600B37463 /* Frameworks */ = {
			isa = PBXFrameworksBuildPhase;
			buildActionMask = 2147483647;
			files = (
			);
			runOnlyForDeploymentPostprocessing = 0;
		};
/* End PBXFrameworksBuildPhase section */

/* Begin PBXGroup section */
		777905B019F9C32600B37463 = {
			isa = PBXGroup;
			children = (
				777905DC19F9D7D900B37463 /* README.md */,
				777905BB19F9C32600B37463 /* SMTPAPI-Swift */,
				777905CC19F9C32600B37463 /* SMTPAPI-SwiftTests */,
				777905BA19F9C32600B37463 /* Products */,
			);
			sourceTree = "<group>";
		};
		777905BA19F9C32600B37463 /* Products */ = {
			isa = PBXGroup;
			children = (
				777905B919F9C32600B37463 /* SMTPAPI-Swift.app */,
				777905C919F9C32600B37463 /* SMTPAPI-SwiftTests.xctest */,
			);
			name = Products;
			sourceTree = "<group>";
		};
		777905BB19F9C32600B37463 /* SMTPAPI-Swift */ = {
			isa = PBXGroup;
			children = (
				777905BE19F9C32600B37463 /* AppDelegate.swift */,
				777905C019F9C32600B37463 /* Images.xcassets */,
				777905C219F9C32600B37463 /* MainMenu.xib */,
				777905BC19F9C32600B37463 /* Supporting Files */,
				777905D919F9C37600B37463 /* SmtpApi.swift */,
			);
			path = "SMTPAPI-Swift";
			sourceTree = "<group>";
		};
		777905BC19F9C32600B37463 /* Supporting Files */ = {
			isa = PBXGroup;
			children = (
				777905BD19F9C32600B37463 /* Info.plist */,
			);
			name = "Supporting Files";
			sourceTree = "<group>";
		};
		777905CC19F9C32600B37463 /* SMTPAPI-SwiftTests */ = {
			isa = PBXGroup;
			children = (
				777905CF19F9C32600B37463 /* SMTPAPI_SwiftTests.swift */,
				777905CD19F9C32600B37463 /* Supporting Files */,
			);
			path = "SMTPAPI-SwiftTests";
			sourceTree = "<group>";
		};
		777905CD19F9C32600B37463 /* Supporting Files */ = {
			isa = PBXGroup;
			children = (
				777905CE19F9C32600B37463 /* Info.plist */,
			);
			name = "Supporting Files";
			sourceTree = "<group>";
		};
/* End PBXGroup section */

/* Begin PBXNativeTarget section */
		777905B819F9C32600B37463 /* SMTPAPI-Swift */ = {
			isa = PBXNativeTarget;
			buildConfigurationList = 777905D319F9C32600B37463 /* Build configuration list for PBXNativeTarget "SMTPAPI-Swift" */;
			buildPhases = (
				777905B519F9C32600B37463 /* Sources */,
				777905B619F9C32600B37463 /* Frameworks */,
				777905B719F9C32600B37463 /* Resources */,
			);
			buildRules = (
			);
			dependencies = (
			);
			name = "SMTPAPI-Swift";
			productName = "SMTPAPI-Swift";
			productReference = 777905B919F9C32600B37463 /* SMTPAPI-Swift.app */;
			productType = "com.apple.product-type.application";
		};
		777905C819F9C32600B37463 /* SMTPAPI-SwiftTests */ = {
			isa = PBXNativeTarget;
			buildConfigurationList = 777905D619F9C32600B37463 /* Build configuration list for PBXNativeTarget "SMTPAPI-SwiftTests" */;
			buildPhases = (
				777905C519F9C32600B37463 /* Sources */,
				777905C619F9C32600B37463 /* Frameworks */,
				777905C719F9C32600B37463 /* Resources */,
			);
			buildRules = (
			);
			dependencies = (
				777905CB19F9C32600B37463 /* PBXTargetDependency */,
			);
			name = "SMTPAPI-SwiftTests";
			productName = "SMTPAPI-SwiftTests";
			productReference = 777905C919F9C32600B37463 /* SMTPAPI-SwiftTests.xctest */;
			productType = "com.apple.product-type.bundle.unit-test";
		};
/* End PBXNativeTarget section */

/* Begin PBXProject section */
		777905B119F9C32600B37463 /* Project object */ = {
			isa = PBXProject;
			attributes = {
				LastUpgradeCheck = 0610;
				ORGANIZATIONNAME = SendGrid;
				TargetAttributes = {
					777905B819F9C32600B37463 = {
						CreatedOnToolsVersion = 6.1;
					};
					777905C819F9C32600B37463 = {
						CreatedOnToolsVersion = 6.1;
						TestTargetID = 777905B819F9C32600B37463;
					};
				};
			};
			buildConfigurationList = 777905B419F9C32600B37463 /* Build configuration list for PBXProject "SMTPAPI-Swift" */;
			compatibilityVersion = "Xcode 3.2";
			developmentRegion = English;
			hasScannedForEncodings = 0;
			knownRegions = (
				en,
				Base,
			);
			mainGroup = 777905B019F9C32600B37463;
			productRefGroup = 777905BA19F9C32600B37463 /* Products */;
			projectDirPath = "";
			projectRoot = "";
			targets = (
				777905B819F9C32600B37463 /* SMTPAPI-Swift */,
				777905C819F9C32600B37463 /* SMTPAPI-SwiftTests */,
			);
		};
/* End PBXProject section */

/* Begin PBXResourcesBuildPhase section */
		777905B719F9C32600B37463 /* Resources */ = {
			isa = PBXResourcesBuildPhase;
			buildActionMask = 2147483647;
			files = (
				777905C119F9C32600B37463 /* Images.xcassets in Resources */,
				777905C419F9C32600B37463 /* MainMenu.xib in Resources */,
			);
			runOnlyForDeploymentPostprocessing = 0;
		};
		777905C719F9C32600B37463 /* Resources */ = {
			isa = PBXResourcesBuildPhase;
			buildActionMask = 2147483647;
			files = (
			);
			runOnlyForDeploymentPostprocessing = 0;
		};
/* End PBXResourcesBuildPhase section */

/* Begin PBXSourcesBuildPhase section */
		777905B519F9C32600B37463 /* Sources */ = {
			isa = PBXSourcesBuildPhase;
			buildActionMask = 2147483647;
			files = (
				777905DA19F9C37600B37463 /* SmtpApi.swift in Sources */,
				777905BF19F9C32600B37463 /* AppDelegate.swift in Sources */,
			);
			runOnlyForDeploymentPostprocessing = 0;
		};
		777905C519F9C32600B37463 /* Sources */ = {
			isa = PBXSourcesBuildPhase;
			buildActionMask = 2147483647;
			files = (
				777905D019F9C32600B37463 /* SMTPAPI_SwiftTests.swift in Sources */,
				777905DB19F9D42300B37463 /* SmtpApi.swift in Sources */,
			);
			runOnlyForDeploymentPostprocessing = 0;
		};
/* End PBXSourcesBuildPhase section */

/* Begin PBXTargetDependency section */
		777905CB19F9C32600B37463 /* PBXTargetDependency */ = {
			isa = PBXTargetDependency;
			target = 777905B819F9C32600B37463 /* SMTPAPI-Swift */;
			targetProxy = 777905CA19F9C32600B37463 /* PBXContainerItemProxy */;
		};
/* End PBXTargetDependency section */

/* Begin PBXVariantGroup section */
		777905C219F9C32600B37463 /* MainMenu.xib */ = {
			isa = PBXVariantGroup;
			children = (
				777905C319F9C32600B37463 /* Base */,
			);
			name = MainMenu.xib;
			sourceTree = "<group>";
		};
/* End PBXVariantGroup section */

/* Begin XCBuildConfiguration section */
		777905D119F9C32600B37463 /* Debug */ = {
			isa = XCBuildConfiguration;
			buildSettings = {
				ALWAYS_SEARCH_USER_PATHS = NO;
				CLANG_CXX_LANGUAGE_STANDARD = "gnu++0x";
				CLANG_CXX_LIBRARY = "libc++";
				CLANG_ENABLE_MODULES = YES;
				CLANG_ENABLE_OBJC_ARC = YES;
				CLANG_WARN_BOOL_CONVERSION = YES;
				CLANG_WARN_CONSTANT_CONVERSION = YES;
				CLANG_WARN_DIRECT_OBJC_ISA_USAGE = YES_ERROR;
				CLANG_WARN_EMPTY_BODY = YES;
				CLANG_WARN_ENUM_CONVERSION = YES;
				CLANG_WARN_INT_CONVERSION = YES;
				CLANG_WARN_OBJC_ROOT_CLASS = YES_ERROR;
				CLANG_WARN_UNREACHABLE_CODE = YES;
				CLANG_WARN__DUPLICATE_METHOD_MATCH = YES;
				CODE_SIGN_IDENTITY = "-";
				COPY_PHASE_STRIP = NO;
				ENABLE_STRICT_OBJC_MSGSEND = YES;
				GCC_C_LANGUAGE_STANDARD = gnu99;
				GCC_DYNAMIC_NO_PIC = NO;
				GCC_OPTIMIZATION_LEVEL = 0;
				GCC_PREPROCESSOR_DEFINITIONS = (
					"DEBUG=1",
					"$(inherited)",
				);
				GCC_SYMBOLS_PRIVATE_EXTERN = NO;
				GCC_WARN_64_TO_32_BIT_CONVERSION = YES;
				GCC_WARN_ABOUT_RETURN_TYPE = YES_ERROR;
				GCC_WARN_UNDECLARED_SELECTOR = YES;
				GCC_WARN_UNINITIALIZED_AUTOS = YES_AGGRESSIVE;
				GCC_WARN_UNUSED_FUNCTION = YES;
				GCC_WARN_UNUSED_VARIABLE = YES;
				MACOSX_DEPLOYMENT_TARGET = 10.10;
				MTL_ENABLE_DEBUG_INFO = YES;
				ONLY_ACTIVE_ARCH = YES;
				SDKROOT = macosx;
				SWIFT_OPTIMIZATION_LEVEL = "-Onone";
			};
			name = Debug;
		};
		777905D219F9C32600B37463 /* Release */ = {
			isa = XCBuildConfiguration;
			buildSettings = {
				ALWAYS_SEARCH_USER_PATHS = NO;
				CLANG_CXX_LANGUAGE_STANDARD = "gnu++0x";
				CLANG_CXX_LIBRARY = "libc++";
				CLANG_ENABLE_MODULES = YES;
				CLANG_ENABLE_OBJC_ARC = YES;
				CLANG_WARN_BOOL_CONVERSION = YES;
				CLANG_WARN_CONSTANT_CONVERSION = YES;
				CLANG_WARN_DIRECT_OBJC_ISA_USAGE = YES_ERROR;
				CLANG_WARN_EMPTY_BODY = YES;
				CLANG_WARN_ENUM_CONVERSION = YES;
				CLANG_WARN_INT_CONVERSION = YES;
				CLANG_WARN_OBJC_ROOT_CLASS = YES_ERROR;
				CLANG_WARN_UNREACHABLE_CODE = YES;
				CLANG_WARN__DUPLICATE_METHOD_MATCH = YES;
				CODE_SIGN_IDENTITY = "-";
				COPY_PHASE_STRIP = YES;
				DEBUG_INFORMATION_FORMAT = "dwarf-with-dsym";
				ENABLE_NS_ASSERTIONS = NO;
				ENABLE_STRICT_OBJC_MSGSEND = YES;
				GCC_C_LANGUAGE_STANDARD = gnu99;
				GCC_WARN_64_TO_32_BIT_CONVERSION = YES;
				GCC_WARN_ABOUT_RETURN_TYPE = YES_ERROR;
				GCC_WARN_UNDECLARED_SELECTOR = YES;
				GCC_WARN_UNINITIALIZED_AUTOS = YES_AGGRESSIVE;
				GCC_WARN_UNUSED_FUNCTION = YES;
				GCC_WARN_UNUSED_VARIABLE = YES;
				MACOSX_DEPLOYMENT_TARGET = 10.10;
				MTL_ENABLE_DEBUG_INFO = NO;
				SDKROOT = macosx;
			};
			name = Release;
		};
		777905D419F9C32600B37463 /* Debug */ = {
			isa = XCBuildConfiguration;
			buildSettings = {
				ASSETCATALOG_COMPILER_APPICON_NAME = AppIcon;
				COMBINE_HIDPI_IMAGES = YES;
				INFOPLIST_FILE = "SMTPAPI-Swift/Info.plist";
				LD_RUNPATH_SEARCH_PATHS = "$(inherited) @executable_path/../Frameworks";
				PRODUCT_NAME = "$(TARGET_NAME)";
			};
			name = Debug;
		};
		777905D519F9C32600B37463 /* Release */ = {
			isa = XCBuildConfiguration;
			buildSettings = {
				ASSETCATALOG_COMPILER_APPICON_NAME = AppIcon;
				COMBINE_HIDPI_IMAGES = YES;
				INFOPLIST_FILE = "SMTPAPI-Swift/Info.plist";
				LD_RUNPATH_SEARCH_PATHS = "$(inherited) @executable_path/../Frameworks";
				PRODUCT_NAME = "$(TARGET_NAME)";
			};
			name = Release;
		};
		777905D719F9C32600B37463 /* Debug */ = {
			isa = XCBuildConfiguration;
			buildSettings = {
				BUNDLE_LOADER = "$(TEST_HOST)";
				COMBINE_HIDPI_IMAGES = YES;
				FRAMEWORK_SEARCH_PATHS = (
					"$(DEVELOPER_FRAMEWORKS_DIR)",
					"$(inherited)",
				);
				GCC_PREPROCESSOR_DEFINITIONS = (
					"DEBUG=1",
					"$(inherited)",
				);
				INFOPLIST_FILE = "SMTPAPI-SwiftTests/Info.plist";
				LD_RUNPATH_SEARCH_PATHS = "$(inherited) @executable_path/../Frameworks @loader_path/../Frameworks";
				PRODUCT_NAME = "$(TARGET_NAME)";
				TEST_HOST = "$(BUILT_PRODUCTS_DIR)/SMTPAPI-Swift.app/Contents/MacOS/SMTPAPI-Swift";
			};
			name = Debug;
		};
		777905D819F9C32600B37463 /* Release */ = {
			isa = XCBuildConfiguration;
			buildSettings = {
				BUNDLE_LOADER = "$(TEST_HOST)";
				COMBINE_HIDPI_IMAGES = YES;
				FRAMEWORK_SEARCH_PATHS = (
					"$(DEVELOPER_FRAMEWORKS_DIR)",
					"$(inherited)",
				);
				INFOPLIST_FILE = "SMTPAPI-SwiftTests/Info.plist";
				LD_RUNPATH_SEARCH_PATHS = "$(inherited) @executable_path/../Frameworks @loader_path/../Frameworks";
				PRODUCT_NAME = "$(TARGET_NAME)";
				TEST_HOST = "$(BUILT_PRODUCTS_DIR)/SMTPAPI-Swift.app/Contents/MacOS/SMTPAPI-Swift";
			};
			name = Release;
		};
/* End XCBuildConfiguration section */

/* Begin XCConfigurationList section */
		777905B419F9C32600B37463 /* Build configuration list for PBXProject "SMTPAPI-Swift" */ = {
			isa = XCConfigurationList;
			buildConfigurations = (
				777905D119F9C32600B37463 /* Debug */,
				777905D219F9C32600B37463 /* Release */,
			);
			defaultConfigurationIsVisible = 0;
			defaultConfigurationName = Release;
		};
		777905D319F9C32600B37463 /* Build configuration list for PBXNativeTarget "SMTPAPI-Swift" */ = {
			isa = XCConfigurationList;
			buildConfigurations = (
				777905D419F9C32600B37463 /* Debug */,
				777905D519F9C32600B37463 /* Release */,
			);
			defaultConfigurationIsVisible = 0;
			defaultConfigurationName = Release;
		};
		777905D619F9C32600B37463 /* Build configuration list for PBXNativeTarget "SMTPAPI-SwiftTests" */ = {
			isa = XCConfigurationList;
			buildConfigurations = (
				777905D719F9C32600B37463 /* Debug */,
				777905D819F9C32600B37463 /* Release */,
			);
			defaultConfigurationIsVisible = 0;
			defaultConfigurationName = Release;
		};
/* End XCConfigurationList section */
	};
	rootObject = 777905B119F9C32600B37463 /* Project object */;
}
